{
  "name": "serverlesswebrtc",
  "version": "0.0.1",
  "lockfileVersion": 1,
  "requires": true,
  "dependencies": {
    "chunkedbase": {
      "version": "git+https://github.com/xlf1024/chunkedbase.git#f3ed15750b1bfdb6a7fd764730cc0126f7263aa7",
      "from": "git+https://github.com/xlf1024/chunkedbase.git"
    }
  }
}
